github.com/mrchazaaa/hugo-teletext v0.0.0-20260316211030-66b9d297d3ad h1:2gOdXqPZX1FOiQ9sE3WdemjHSjr2a6x9xMMjERx5rlg=
github.com/mrchazaaa/hugo-teletext v0.0.0-20260316211030-66b9d297d3ad/go.mod h1:sLPU3UgPxa+gfCl02699ho51NdsL1VFAsTynBlWIGgU=
github.com/mrchazaaa/hugo-teletext v0.1.0 h1:wzZKLgVV8AOHb7ZilAoE97vQkE4BvWRcTzUfmql6j6Q=
github.com/mrchazaaa/hugo-teletext v0.1.0/go.mod h1:sLPU3UgPxa+gfCl02699ho51NdsL1VFAsTynBlWIGgU=
