github.com/mrchazaaa/hugo-teletext v0.0.0-20260316211030-66b9d297d3ad h1:2gOdXqPZX1FOiQ9sE3WdemjHSjr2a6x9xMMjERx5rlg=
github.com/mrchazaaa/hugo-teletext v0.0.0-20260316211030-66b9d297d3ad/go.mod h1:sLPU3UgPxa+gfCl02699ho51NdsL1VFAsTynBlWIGgU=
github.com/mrchazaaa/hugo-teletext v0.0.0-20260318000842-a9fac211ef28 h1:Kv1Sk6u5qI+UIb6BLIIKCAO53Auno3yqmwas8v29rn0=
github.com/mrchazaaa/hugo-teletext v0.0.0-20260318000842-a9fac211ef28/go.mod h1:sLPU3UgPxa+gfCl02699ho51NdsL1VFAsTynBlWIGgU=
github.com/mrchazaaa/hugo-teletext v0.1.0 h1:wzZKLgVV8AOHb7ZilAoE97vQkE4BvWRcTzUfmql6j6Q=
github.com/mrchazaaa/hugo-teletext v0.1.0/go.mod h1:sLPU3UgPxa+gfCl02699ho51NdsL1VFAsTynBlWIGgU=
github.com/mrchazaaa/hugo-teletext v0.2.0 h1:3GylS4wP9kVl+KCm3eWC5TXes9HHcsAzLCkCn8kYfpM=
github.com/mrchazaaa/hugo-teletext v0.2.0/go.mod h1:sLPU3UgPxa+gfCl02699ho51NdsL1VFAsTynBlWIGgU=
