github.com/mrchazaaa/hugo-teletext v0.3.0 h1:3dLCWEHO7kKeVsF2rivKXM59NtGpOa7nRQ+taYGI/0w=
github.com/mrchazaaa/hugo-teletext v0.3.0/go.mod h1:sLPU3UgPxa+gfCl02699ho51NdsL1VFAsTynBlWIGgU=
github.com/mrchazaaa/hugo-teletext v0.4.0 h1:bRazlUK3RWnMEq9fp0BBs2CBBBFw4ri9PKvKjzUT44A=
github.com/mrchazaaa/hugo-teletext v0.4.0/go.mod h1:sLPU3UgPxa+gfCl02699ho51NdsL1VFAsTynBlWIGgU=
